
Microsoft Visual Studio Solution File, Format Version 12.00
# Visual Studio 15
VisualStudioVersion = 15.0.28010.2036
MinimumVisualStudioVersion = 10.0.40219.1
Project("{FAE04EC0-301F-11D3-BF4B-00C04F79EFBC}") = "TodoApi", "TodoApi\TodoApi.csproj", "{F435A486-E787-48E5-8E30-AEB1C7BF2582}"
EndProject
Global
	GlobalSection(SolutionConfigurationPlatforms) = preSolution
		Debug|Any CPU = Debug|Any CPU
		Release|Any CPU = Release|Any CPU
	EndGlobalSection
	GlobalSection(ProjectConfigurationPlatforms) = postSolution
		{F435A486-E787-48E5-8E30-AEB1C7BF2582}.Debug|Any CPU.ActiveCfg = Debug|Any CPU
		{F435A486-E787-48E5-8E30-AEB1C7BF2582}.Debug|Any CPU.Build.0 = Debug|Any CPU
		{F435A486-E787-48E5-8E30-AEB1C7BF2582}.Release|Any CPU.ActiveCfg = Release|Any CPU
		{F435A486-E787-48E5-8E30-AEB1C7BF2582}.Release|Any CPU.Build.0 = Release|Any CPU
	EndGlobalSection
	GlobalSection(SolutionProperties) = preSolution
		HideSolutionNode = FALSE
	EndGlobalSection
	GlobalSection(ExtensibilityGlobals) = postSolution
		SolutionGuid = {CACDA7CE-6578-4242-B890-8C7719118F75}
	EndGlobalSection
EndGlobal
